// !$*UTF8*$!
{
	archiveVersion = 1;
	classes = {
	};
	objectVersion = 50;
	objects = {

/* Begin PBXBuildFile section */
		A81162F2268E76F5002EA598 /* ProfileViewController.swift in Sources */ = {isa = PBXBuildFile; fileRef = A81162F1268E76F5002EA598 /* ProfileViewController.swift */; };
		A81162F4268E7A89002EA598 /* Tips&TricksViewController.swift in Sources */ = {isa = PBXBuildFile; fileRef = A81162F3268E7A89002EA598 /* Tips&TricksViewController.swift */; };
		A835BD2A268CB32F00D3B159 /* AppDelegate.swift in Sources */ = {isa = PBXBuildFile; fileRef = A835BD29268CB32F00D3B159 /* AppDelegate.swift */; };
		A835BD2C268CB32F00D3B159 /* SceneDelegate.swift in Sources */ = {isa = PBXBuildFile; fileRef = A835BD2B268CB32F00D3B159 /* SceneDelegate.swift */; };
		A835BD2E268CB32F00D3B159 /* ViewController.swift in Sources */ = {isa = PBXBuildFile; fileRef = A835BD2D268CB32F00D3B159 /* ViewController.swift */; };
		A835BD31268CB32F00D3B159 /* Main.storyboard in Resources */ = {isa = PBXBuildFile; fileRef = A835BD2F268CB32F00D3B159 /* Main.storyboard */; };
		A835BD34268CB32F00D3B159 /* FinalProject.xcdatamodeld in Sources */ = {isa = PBXBuildFile; fileRef = A835BD32268CB32F00D3B159 /* FinalProject.xcdatamodeld */; };
		A835BD36268CB32F00D3B159 /* Assets.xcassets in Resources */ = {isa = PBXBuildFile; fileRef = A835BD35268CB32F00D3B159 /* Assets.xcassets */; };
		A835BD39268CB32F00D3B159 /* LaunchScreen.storyboard in Resources */ = {isa = PBXBuildFile; fileRef = A835BD37268CB32F00D3B159 /* LaunchScreen.storyboard */; };
/* End PBXBuildFile section */

/* Begin PBXFileReference section */
		A81162F1268E76F5002EA598 /* ProfileViewController.swift */ = {isa = PBXFileReference; lastKnownFileType = sourcecode.swift; path = ProfileViewController.swift; sourceTree = "<group>"; };
		A81162F3268E7A89002EA598 /* Tips&TricksViewController.swift */ = {isa = PBXFileReference; lastKnownFileType = sourcecode.swift; path = "Tips&TricksViewController.swift"; sourceTree = "<group>"; };
		A835BD26268CB32F00D3B159 /* FinalProject.app */ = {isa = PBXFileReference; explicitFileType = wrapper.application; includeInIndex = 0; path = FinalProject.app; sourceTree = BUILT_PRODUCTS_DIR; };
		A835BD29268CB32F00D3B159 /* AppDelegate.swift */ = {isa = PBXFileReference; lastKnownFileType = sourcecode.swift; path = AppDelegate.swift; sourceTree = "<group>"; };
		A835BD2B268CB32F00D3B159 /* SceneDelegate.swift */ = {isa = PBXFileReference; lastKnownFileType = sourcecode.swift; path = SceneDelegate.swift; sourceTree = "<group>"; };
		A835BD2D268CB32F00D3B159 /* ViewController.swift */ = {isa = PBXFileReference; lastKnownFileType = sourcecode.swift; path = ViewController.swift; sourceTree = "<group>"; };
		A835BD30268CB32F00D3B159 /* Base */ = {isa = PBXFileReference; lastKnownFileType = file.storyboard; name = Base; path = Base.lproj/Main.storyboard; sourceTree = "<group>"; };
		A835BD33268CB32F00D3B159 /* FinalProject.xcdatamodel */ = {isa = PBXFileReference; lastKnownFileType = wrapper.xcdatamodel; path = FinalProject.xcdatamodel; sourceTree = "<group>"; };
		A835BD35268CB32F00D3B159 /* Assets.xcassets */ = {isa = PBXFileReference; lastKnownFileType = folder.assetcatalog; path = Assets.xcassets; sourceTree = "<group>"; };
		A835BD38268CB32F00D3B159 /* Base */ = {isa = PBXFileReference; lastKnownFileType = file.storyboard; name = Base; path = Base.lproj/LaunchScreen.storyboard; sourceTree = "<group>"; };
		A835BD3A268CB32F00D3B159 /* Info.plist */ = {isa = PBXFileReference; lastKnownFileType = text.plist.xml; path = Info.plist; sourceTree = "<group>"; };
/* End PBXFileReference section */

/* Begin PBXFrameworksBuildPhase section */
		A835BD23268CB32F00D3B159 /* Frameworks */ = {
			isa = PBXFrameworksBuildPhase;
			buildActionMask = 2147483647;
			files = (
			);
			runOnlyForDeploymentPostprocessing = 0;
		};
/* End PBXFrameworksBuildPhase section */

/* Begin PBXGroup section */
		A835BD1D268CB32F00D3B159 = {
			isa = PBXGroup;
			children = (
				A835BD28268CB32F00D3B159 /* FinalProject */,
				A835BD27268CB32F00D3B159 /* Products */,
			);
			sourceTree = "<group>";
		};
		A835BD27268CB32F00D3B159 /* Products */ = {
			isa = PBXGroup;
			children = (
				A835BD26268CB32F00D3B159 /* FinalProject.app */,
			);
			name = Products;
			sourceTree = "<group>";
		};
		A835BD28268CB32F00D3B159 /* FinalProject */ = {
			isa = PBXGroup;
			children = (
				A835BD29268CB32F00D3B159 /* AppDelegate.swift */,
				A835BD2B268CB32F00D3B159 /* SceneDelegate.swift */,
				A835BD2D268CB32F00D3B159 /* ViewController.swift */,
				A81162F1268E76F5002EA598 /* ProfileViewController.swift */,
				A81162F3268E7A89002EA598 /* Tips&TricksViewController.swift */,
				A835BD2F268CB32F00D3B159 /* Main.storyboard */,
				A835BD35268CB32F00D3B159 /* Assets.xcassets */,
				A835BD37268CB32F00D3B159 /* LaunchScreen.storyboard */,
				A835BD3A268CB32F00D3B159 /* Info.plist */,
				A835BD32268CB32F00D3B159 /* FinalProject.xcdatamodeld */,
			);
			path = FinalProject;
			sourceTree = "<group>";
		};
/* End PBXGroup section */

/* Begin PBXNativeTarget section */
		A835BD25268CB32F00D3B159 /* FinalProject */ = {
			isa = PBXNativeTarget;
			buildConfigurationList = A835BD3D268CB32F00D3B159 /* Build configuration list for PBXNativeTarget "FinalProject" */;
			buildPhases = (
				A835BD22268CB32F00D3B159 /* Sources */,
				A835BD23268CB32F00D3B159 /* Frameworks */,
				A835BD24268CB32F00D3B159 /* Resources */,
			);
			buildRules = (
			);
			dependencies = (
			);
			name = FinalProject;
			productName = FinalProject;
			productReference = A835BD26268CB32F00D3B159 /* FinalProject.app */;
			productType = "com.apple.product-type.application";
		};
/* End PBXNativeTarget section */

/* Begin PBXProject section */
		A835BD1E268CB32F00D3B159 /* Project object */ = {
			isa = PBXProject;
			attributes = {
				LastSwiftUpdateCheck = 1250;
				LastUpgradeCheck = 1250;
				TargetAttributes = {
					A835BD25268CB32F00D3B159 = {
						CreatedOnToolsVersion = 12.5;
					};
				};
			};
			buildConfigurationList = A835BD21268CB32F00D3B159 /* Build configuration list for PBXProject "FinalProject" */;
			compatibilityVersion = "Xcode 9.3";
			developmentRegion = en;
			hasScannedForEncodings = 0;
			knownRegions = (
				en,
				Base,
			);
			mainGroup = A835BD1D268CB32F00D3B159;
			productRefGroup = A835BD27268CB32F00D3B159 /* Products */;
			projectDirPath = "";
			projectRoot = "";
			targets = (
				A835BD25268CB32F00D3B159 /* FinalProject */,
			);
		};
/* End PBXProject section */

/* Begin PBXResourcesBuildPhase section */
		A835BD24268CB32F00D3B159 /* Resources */ = {
			isa = PBXResourcesBuildPhase;
			buildActionMask = 2147483647;
			files = (
				A835BD39268CB32F00D3B159 /* LaunchScreen.storyboard in Resources */,
				A835BD36268CB32F00D3B159 /* Assets.xcassets in Resources */,
				A835BD31268CB32F00D3B159 /* Main.storyboard in Resources */,
			);
			runOnlyForDeploymentPostprocessing = 0;
		};
/* End PBXResourcesBuildPhase section */

/* Begin PBXSourcesBuildPhase section */
		A835BD22268CB32F00D3B159 /* Sources */ = {
			isa = PBXSourcesBuildPhase;
			buildActionMask = 2147483647;
			files = (
				A835BD2E268CB32F00D3B159 /* ViewController.swift in Sources */,
				A835BD2A268CB32F00D3B159 /* AppDelegate.swift in Sources */,
				A81162F2268E76F5002EA598 /* ProfileViewController.swift in Sources */,
				A835BD34268CB32F00D3B159 /* FinalProject.xcdatamodeld in Sources */,
				A835BD2C268CB32F00D3B159 /* SceneDelegate.swift in Sources */,
				A81162F4268E7A89002EA598 /* Tips&TricksViewController.swift in Sources */,
			);
			runOnlyForDeploymentPostprocessing = 0;
		};
/* End PBXSourcesBuildPhase section */

/* Begin PBXVariantGroup section */
		A835BD2F268CB32F00D3B159 /* Main.storyboard */ = {
			isa = PBXVariantGroup;
			children = (
				A835BD30268CB32F00D3B159 /* Base */,
			);
			name = Main.storyboard;
			sourceTree = "<group>";
		};
		A835BD37268CB32F00D3B159 /* LaunchScreen.storyboard */ = {
			isa = PBXVariantGroup;
			children = (
				A835BD38268CB32F00D3B159 /* Base */,
			);
			name = LaunchScreen.storyboard;
			sourceTree = "<group>";
		};
/* End PBXVariantGroup section */

/* Begin XCBuildConfiguration section */
		A835BD3B268CB32F00D3B159 /* Debug */ = {
			isa = XCBuildConfiguration;
			buildSettings = {
				ALWAYS_SEARCH_USER_PATHS = NO;
				CLANG_ANALYZER_NONNULL = YES;
				CLANG_ANALYZER_NUMBER_OBJECT_CONVERSION = YES_AGGRESSIVE;
				CLANG_CXX_LANGUAGE_STANDARD = "gnu++14";
				CLANG_CXX_LIBRARY = "libc++";
				CLANG_ENABLE_MODULES = YES;
				CLANG_ENABLE_OBJC_ARC = YES;
				CLANG_ENABLE_OBJC_WEAK = YES;
				CLANG_WARN_BLOCK_CAPTURE_AUTORELEASING = YES;
				CLANG_WARN_BOOL_CONVERSION = YES;
				CLANG_WARN_COMMA = YES;
				CLANG_WARN_CONSTANT_CONVERSION = YES;
				CLANG_WARN_DEPRECATED_OBJC_IMPLEMENTATIONS = YES;
				CLANG_WARN_DIRECT_OBJC_ISA_USAGE = YES_ERROR;
				CLANG_WARN_DOCUMENTATION_COMMENTS = YES;
				CLANG_WARN_EMPTY_BODY = YES;
				CLANG_WARN_ENUM_CONVERSION = YES;
				CLANG_WARN_INFINITE_RECURSION = YES;
				CLANG_WARN_INT_CONVERSION = YES;
				CLANG_WARN_NON_LITERAL_NULL_CONVERSION = YES;
				CLANG_WARN_OBJC_IMPLICIT_RETAIN_SELF = YES;
				CLANG_WARN_OBJC_LITERAL_CONVERSION = YES;
				CLANG_WARN_OBJC_ROOT_CLASS = YES_ERROR;
				CLANG_WARN_QUOTED_INCLUDE_IN_FRAMEWORK_HEADER = YES;
				CLANG_WARN_RANGE_LOOP_ANALYSIS = YES;
				CLANG_WARN_STRICT_PROTOTYPES = YES;
				CLANG_WARN_SUSPICIOUS_MOVE = YES;
				CLANG_WARN_UNGUARDED_AVAILABILITY = YES_AGGRESSIVE;
				CLANG_WARN_UNREACHABLE_CODE = YES;
				CLANG_WARN__DUPLICATE_METHOD_MATCH = YES;
				COPY_PHASE_STRIP = NO;
				DEBUG_INFORMATION_FORMAT = dwarf;
				ENABLE_STRICT_OBJC_MSGSEND = YES;
				ENABLE_TESTABILITY = YES;
				GCC_C_LANGUAGE_STANDARD = gnu11;
				GCC_DYNAMIC_NO_PIC = NO;
				GCC_NO_COMMON_BLOCKS = YES;
				GCC_OPTIMIZATION_LEVEL = 0;
				GCC_PREPROCESSOR_DEFINITIONS = (
					"DEBUG=1",
					"$(inherited)",
				);
				GCC_WARN_64_TO_32_BIT_CONVERSION = YES;
				GCC_WARN_ABOUT_RETURN_TYPE = YES_ERROR;
				GCC_WARN_UNDECLARED_SELECTOR = YES;
				GCC_WARN_UNINITIALIZED_AUTOS = YES_AGGRESSIVE;
				GCC_WARN_UNUSED_FUNCTION = YES;
				GCC_WARN_UNUSED_VARIABLE = YES;
				IPHONEOS_DEPLOYMENT_TARGET = 14.5;
				MTL_ENABLE_DEBUG_INFO = INCLUDE_SOURCE;
				MTL_FAST_MATH = YES;
				ONLY_ACTIVE_ARCH = YES;
				SDKROOT = iphoneos;
				SWIFT_ACTIVE_COMPILATION_CONDITIONS = DEBUG;
				SWIFT_OPTIMIZATION_LEVEL = "-Onone";
			};
			name = Debug;
		};
		A835BD3C268CB32F00D3B159 /* Release */ = {
			isa = XCBuildConfiguration;
			buildSettings = {
				ALWAYS_SEARCH_USER_PATHS = NO;
				CLANG_ANALYZER_NONNULL = YES;
				CLANG_ANALYZER_NUMBER_OBJECT_CONVERSION = YES_AGGRESSIVE;
				CLANG_CXX_LANGUAGE_STANDARD = "gnu++14";
				CLANG_CXX_LIBRARY = "libc++";
				CLANG_ENABLE_MODULES = YES;
				CLANG_ENABLE_OBJC_ARC = YES;
				CLANG_ENABLE_OBJC_WEAK = YES;
				CLANG_WARN_BLOCK_CAPTURE_AUTORELEASING = YES;
				CLANG_WARN_BOOL_CONVERSION = YES;
				CLANG_WARN_COMMA = YES;
				CLANG_WARN_CONSTANT_CONVERSION = YES;
				CLANG_WARN_DEPRECATED_OBJC_IMPLEMENTATIONS = YES;
				CLANG_WARN_DIRECT_OBJC_ISA_USAGE = YES_ERROR;
				CLANG_WARN_DOCUMENTATION_COMMENTS = YES;
				CLANG_WARN_EMPTY_BODY = YES;
				CLANG_WARN_ENUM_CONVERSION = YES;
				CLANG_WARN_INFINITE_RECURSION = YES;
				CLANG_WARN_INT_CONVERSION = YES;
				CLANG_WARN_NON_LITERAL_NULL_CONVERSION = YES;
				CLANG_WARN_OBJC_IMPLICIT_RETAIN_SELF = YES;
				CLANG_WARN_OBJC_LITERAL_CONVERSION = YES;
				CLANG_WARN_OBJC_ROOT_CLASS = YES_ERROR;
				CLANG_WARN_QUOTED_INCLUDE_IN_FRAMEWORK_HEADER = YES;
				CLANG_WARN_RANGE_LOOP_ANALYSIS = YES;
				CLANG_WARN_STRICT_PROTOTYPES = YES;
				CLANG_WARN_SUSPICIOUS_MOVE = YES;
				CLANG_WARN_UNGUARDED_AVAILABILITY = YES_AGGRESSIVE;
				CLANG_WARN_UNREACHABLE_CODE = YES;
				CLANG_WARN__DUPLICATE_METHOD_MATCH = YES;
				COPY_PHASE_STRIP = NO;
				DEBUG_INFORMATION_FORMAT = "dwarf-with-dsym";
				ENABLE_NS_ASSERTIONS = NO;
				ENABLE_STRICT_OBJC_MSGSEND = YES;
				GCC_C_LANGUAGE_STANDARD = gnu11;
				GCC_NO_COMMON_BLOCKS = YES;
				GCC_WARN_64_TO_32_BIT_CONVERSION = YES;
				GCC_WARN_ABOUT_RETURN_TYPE = YES_ERROR;
				GCC_WARN_UNDECLARED_SELECTOR = YES;
				GCC_WARN_UNINITIALIZED_AUTOS = YES_AGGRESSIVE;
				GCC_WARN_UNUSED_FUNCTION = YES;
				GCC_WARN_UNUSED_VARIABLE = YES;
				IPHONEOS_DEPLOYMENT_TARGET = 14.5;
				MTL_ENABLE_DEBUG_INFO = NO;
				MTL_FAST_MATH = YES;
				SDKROOT = iphoneos;
				SWIFT_COMPILATION_MODE = wholemodule;
				SWIFT_OPTIMIZATION_LEVEL = "-O";
				VALIDATE_PRODUCT = YES;
			};
			name = Release;
		};
		A835BD3E268CB32F00D3B159 /* Debug */ = {
			isa = XCBuildConfiguration;
			buildSettings = {
				ASSETCATALOG_COMPILER_APPICON_NAME = AppIcon;
				ASSETCATALOG_COMPILER_GLOBAL_ACCENT_COLOR_NAME = AccentColor;
				CODE_SIGN_STYLE = Automatic;
				INFOPLIST_FILE = FinalProject/Info.plist;
				LD_RUNPATH_SEARCH_PATHS = (
					"$(inherited)",
					"@executable_path/Frameworks",
				);
				PRODUCT_BUNDLE_IDENTIFIER = KWK.FinalProject;
				PRODUCT_NAME = "$(TARGET_NAME)";
				SWIFT_VERSION = 5.0;
				TARGETED_DEVICE_FAMILY = "1,2";
			};
			name = Debug;
		};
		A835BD3F268CB32F00D3B159 /* Release */ = {
			isa = XCBuildConfiguration;
			buildSettings = {
				ASSETCATALOG_COMPILER_APPICON_NAME = AppIcon;
				ASSETCATALOG_COMPILER_GLOBAL_ACCENT_COLOR_NAME = AccentColor;
				CODE_SIGN_STYLE = Automatic;
				INFOPLIST_FILE = FinalProject/Info.plist;
				LD_RUNPATH_SEARCH_PATHS = (
					"$(inherited)",
					"@executable_path/Frameworks",
				);
				PRODUCT_BUNDLE_IDENTIFIER = KWK.FinalProject;
				PRODUCT_NAME = "$(TARGET_NAME)";
				SWIFT_VERSION = 5.0;
				TARGETED_DEVICE_FAMILY = "1,2";
			};
			name = Release;
		};
/* End XCBuildConfiguration section */

/* Begin XCConfigurationList section */
		A835BD21268CB32F00D3B159 /* Build configuration list for PBXProject "FinalProject" */ = {
			isa = XCConfigurationList;
			buildConfigurations = (
				A835BD3B268CB32F00D3B159 /* Debug */,
				A835BD3C268CB32F00D3B159 /* Release */,
			);
			defaultConfigurationIsVisible = 0;
			defaultConfigurationName = Release;
		};
		A835BD3D268CB32F00D3B159 /* Build configuration list for PBXNativeTarget "FinalProject" */ = {
			isa = XCConfigurationList;
			buildConfigurations = (
				A835BD3E268CB32F00D3B159 /* Debug */,
				A835BD3F268CB32F00D3B159 /* Release */,
			);
			defaultConfigurationIsVisible = 0;
			defaultConfigurationName = Release;
		};
/* End XCConfigurationList section */

/* Begin XCVersionGroup section */
		A835BD32268CB32F00D3B159 /* FinalProject.xcdatamodeld */ = {
			isa = XCVersionGroup;
			children = (
				A835BD33268CB32F00D3B159 /* FinalProject.xcdatamodel */,
			);
			currentVersion = A835BD33268CB32F00D3B159 /* FinalProject.xcdatamodel */;
			path = FinalProject.xcdatamodeld;
			sourceTree = "<group>";
			versionGroupType = wrapper.xcdatamodel;
		};
/* End XCVersionGroup section */
	};
	rootObject = A835BD1E268CB32F00D3B159 /* Project object */;
}
